
Microsoft Visual Studio Solution File, Format Version 11.00
# Visual C# Express 2010
Project("{FAE04EC0-301F-11D3-BF4B-00C04F79EFBC}") = "Gnomoria Enhanced", "Gnomoria Enhanced\Gnomoria Enhanced.csproj", "{658FA04F-695C-4475-8E54-F49CEA45D8D5}"
	ProjectSection(ProjectDependencies) = postProject
		{CC1EF04E-2D3F-492F-AE87-B8D02204E81F} = {CC1EF04E-2D3F-492F-AE87-B8D02204E81F}
	EndProjectSection
EndProject
Project("{FAE04EC0-301F-11D3-BF4B-00C04F79EFBC}") = "GELibrary", "GELibrary\GELibrary.csproj", "{CC1EF04E-2D3F-492F-AE87-B8D02204E81F}"
EndProject
Global
	GlobalSection(SolutionConfigurationPlatforms) = preSolution
		Debug|Any CPU = Debug|Any CPU
		Debug|Mixed Platforms = Debug|Mixed Platforms
		Debug|x86 = Debug|x86
		Release|Any CPU = Release|Any CPU
		Release|Mixed Platforms = Release|Mixed Platforms
		Release|x86 = Release|x86
	EndGlobalSection
	GlobalSection(ProjectConfigurationPlatforms) = postSolution
		{658FA04F-695C-4475-8E54-F49CEA45D8D5}.Debug|Any CPU.ActiveCfg = Debug|x86
		{658FA04F-695C-4475-8E54-F49CEA45D8D5}.Debug|Mixed Platforms.ActiveCfg = Debug|x86
		{658FA04F-695C-4475-8E54-F49CEA45D8D5}.Debug|Mixed Platforms.Build.0 = Debug|x86
		{658FA04F-695C-4475-8E54-F49CEA45D8D5}.Debug|x86.ActiveCfg = Debug|x86
		{658FA04F-695C-4475-8E54-F49CEA45D8D5}.Debug|x86.Build.0 = Debug|x86
		{658FA04F-695C-4475-8E54-F49CEA45D8D5}.Release|Any CPU.ActiveCfg = Release|x86
		{658FA04F-695C-4475-8E54-F49CEA45D8D5}.Release|Mixed Platforms.ActiveCfg = Release|x86
		{658FA04F-695C-4475-8E54-F49CEA45D8D5}.Release|Mixed Platforms.Build.0 = Release|x86
		{658FA04F-695C-4475-8E54-F49CEA45D8D5}.Release|x86.ActiveCfg = Release|x86
		{658FA04F-695C-4475-8E54-F49CEA45D8D5}.Release|x86.Build.0 = Release|x86
		{CC1EF04E-2D3F-492F-AE87-B8D02204E81F}.Debug|Any CPU.ActiveCfg = Debug|Any CPU
		{CC1EF04E-2D3F-492F-AE87-B8D02204E81F}.Debug|Any CPU.Build.0 = Debug|Any CPU
		{CC1EF04E-2D3F-492F-AE87-B8D02204E81F}.Debug|Mixed Platforms.ActiveCfg = Debug|Any CPU
		{CC1EF04E-2D3F-492F-AE87-B8D02204E81F}.Debug|Mixed Platforms.Build.0 = Debug|Any CPU
		{CC1EF04E-2D3F-492F-AE87-B8D02204E81F}.Debug|x86.ActiveCfg = Debug|Any CPU
		{CC1EF04E-2D3F-492F-AE87-B8D02204E81F}.Release|Any CPU.ActiveCfg = Release|Any CPU
		{CC1EF04E-2D3F-492F-AE87-B8D02204E81F}.Release|Any CPU.Build.0 = Release|Any CPU
		{CC1EF04E-2D3F-492F-AE87-B8D02204E81F}.Release|Mixed Platforms.ActiveCfg = Release|Any CPU
		{CC1EF04E-2D3F-492F-AE87-B8D02204E81F}.Release|Mixed Platforms.Build.0 = Release|Any CPU
		{CC1EF04E-2D3F-492F-AE87-B8D02204E81F}.Release|x86.ActiveCfg = Release|Any CPU
	EndGlobalSection
	GlobalSection(SolutionProperties) = preSolution
		HideSolutionNode = FALSE
	EndGlobalSection
EndGlobal
